
Microsoft Visual Studio Solution File, Format Version 12.00
# Visual Studio Version 17
VisualStudioVersion = 17.5.33424.131
MinimumVisualStudioVersion = 10.0.40219.1
Project("{FAE04EC0-301F-11D3-BF4B-00C04F79EFBC}") = "AcrescentarCaracter", "AcrescentarCaracter\AcrescentarCaracter.csproj", "{59A0BAE1-35A1-4789-8DE6-43BDAAE88660}"
EndProject
Global
	GlobalSection(SolutionConfigurationPlatforms) = preSolution
		Debug|Any CPU = Debug|Any CPU
		Release|Any CPU = Release|Any CPU
	EndGlobalSection
	GlobalSection(ProjectConfigurationPlatforms) = postSolution
		{59A0BAE1-35A1-4789-8DE6-43BDAAE88660}.Debug|Any CPU.ActiveCfg = Debug|Any CPU
		{59A0BAE1-35A1-4789-8DE6-43BDAAE88660}.Debug|Any CPU.Build.0 = Debug|Any CPU
		{59A0BAE1-35A1-4789-8DE6-43BDAAE88660}.Release|Any CPU.ActiveCfg = Release|Any CPU
		{59A0BAE1-35A1-4789-8DE6-43BDAAE88660}.Release|Any CPU.Build.0 = Release|Any CPU
	EndGlobalSection
	GlobalSection(SolutionProperties) = preSolution
		HideSolutionNode = FALSE
	EndGlobalSection
	GlobalSection(ExtensibilityGlobals) = postSolution
		SolutionGuid = {DF41FC14-3E69-4EE0-9149-F713009BCCE5}
	EndGlobalSection
EndGlobal
